
Microsoft Visual Studio Solution File, Format Version 12.00
# Visual Studio Version 16
VisualStudioVersion = 16.0.29806.167
MinimumVisualStudioVersion = 10.0.40219.1
Project("{9A19103F-16F7-4668-BE54-9A1E7A4F7556}") = "FirstHomeWork", "FirstHomeWork\FirstHomeWork.csproj", "{742072DB-A1B1-473A-AAEB-BF977F0B9CA1}"
EndProject
Project("{9A19103F-16F7-4668-BE54-9A1E7A4F7556}") = "Entities", "Entities\Entities.csproj", "{8D8B0806-9620-43B7-8A8A-AC66B01C9005}"
EndProject
Project("{9A19103F-16F7-4668-BE54-9A1E7A4F7556}") = "Model", "Models\Model.csproj", "{EEC2B967-0AE9-4820-BD8C-F171A9554020}"
EndProject
Global
	GlobalSection(SolutionConfigurationPlatforms) = preSolution
		Debug|Any CPU = Debug|Any CPU
		Release|Any CPU = Release|Any CPU
	EndGlobalSection
	GlobalSection(ProjectConfigurationPlatforms) = postSolution
		{742072DB-A1B1-473A-AAEB-BF977F0B9CA1}.Debug|Any CPU.ActiveCfg = Debug|Any CPU
		{742072DB-A1B1-473A-AAEB-BF977F0B9CA1}.Debug|Any CPU.Build.0 = Debug|Any CPU
		{742072DB-A1B1-473A-AAEB-BF977F0B9CA1}.Release|Any CPU.ActiveCfg = Release|Any CPU
		{742072DB-A1B1-473A-AAEB-BF977F0B9CA1}.Release|Any CPU.Build.0 = Release|Any CPU
		{8D8B0806-9620-43B7-8A8A-AC66B01C9005}.Debug|Any CPU.ActiveCfg = Debug|Any CPU
		{8D8B0806-9620-43B7-8A8A-AC66B01C9005}.Debug|Any CPU.Build.0 = Debug|Any CPU
		{8D8B0806-9620-43B7-8A8A-AC66B01C9005}.Release|Any CPU.ActiveCfg = Release|Any CPU
		{8D8B0806-9620-43B7-8A8A-AC66B01C9005}.Release|Any CPU.Build.0 = Release|Any CPU
		{EEC2B967-0AE9-4820-BD8C-F171A9554020}.Debug|Any CPU.ActiveCfg = Debug|Any CPU
		{EEC2B967-0AE9-4820-BD8C-F171A9554020}.Debug|Any CPU.Build.0 = Debug|Any CPU
		{EEC2B967-0AE9-4820-BD8C-F171A9554020}.Release|Any CPU.ActiveCfg = Release|Any CPU
		{EEC2B967-0AE9-4820-BD8C-F171A9554020}.Release|Any CPU.Build.0 = Release|Any CPU
	EndGlobalSection
	GlobalSection(SolutionProperties) = preSolution
		HideSolutionNode = FALSE
	EndGlobalSection
	GlobalSection(ExtensibilityGlobals) = postSolution
		SolutionGuid = {32A3CA40-C82A-458B-8306-A646571523DE}
	EndGlobalSection
EndGlobal
